[[tools."github:santhosh-tekuri/jsonschema"]]
version = "6.0.2"
backend = "github:santhosh-tekuri/jsonschema"

[[tools.go]]
version = "1.26.0"
backend = "core:go"

[[tools."go:github.com/erning/gorun"]]
version = "latest"
backend = "go:github.com/erning/gorun"

[[tools.yq]]
version = "4.52.4"
backend = "aqua:mikefarah/yq"
